
Microsoft Visual Studio Solution File, Format Version 12.00
# Visual Studio Version 17
VisualStudioVersion = 17.4.33205.214
MinimumVisualStudioVersion = 10.0.40219.1
Project("{FAE04EC0-301F-11D3-BF4B-00C04F79EFBC}") = "LeaveManagement.Web", "LeaveManagement.Web\LeaveManagement.Web.csproj", "{A65522AC-CE00-4618-A5AA-B5E7341A76CF}"
EndProject
Global
	GlobalSection(SolutionConfigurationPlatforms) = preSolution
		Debug|Any CPU = Debug|Any CPU
		Release|Any CPU = Release|Any CPU
	EndGlobalSection
	GlobalSection(ProjectConfigurationPlatforms) = postSolution
		{A65522AC-CE00-4618-A5AA-B5E7341A76CF}.Debug|Any CPU.ActiveCfg = Debug|Any CPU
		{A65522AC-CE00-4618-A5AA-B5E7341A76CF}.Debug|Any CPU.Build.0 = Debug|Any CPU
		{A65522AC-CE00-4618-A5AA-B5E7341A76CF}.Release|Any CPU.ActiveCfg = Release|Any CPU
		{A65522AC-CE00-4618-A5AA-B5E7341A76CF}.Release|Any CPU.Build.0 = Release|Any CPU
	EndGlobalSection
	GlobalSection(SolutionProperties) = preSolution
		HideSolutionNode = FALSE
	EndGlobalSection
	GlobalSection(ExtensibilityGlobals) = postSolution
		SolutionGuid = {090F5E11-B4F7-44E6-A06B-B84C927A0B5B}
	EndGlobalSection
EndGlobal
